# THIS IS AN AUTOGENERATED FILE. DO NOT EDIT THIS FILE DIRECTLY.
# yarn lockfile v1


"@dcloudio/uni-ui@^1.4.9":
  version "1.4.9"
  resolved "https://registry.yarnpkg.com/@dcloudio/uni-ui/-/uni-ui-1.4.9.tgz#98827252c9a0d930bc9310e8162370a582ad1c1c"
  integrity sha512-S4HcIUipswVysOzet8Z6YR8B77Frz4qvSmch1Aj7ddKWsD9Y55sEdRs7mjI32iqsXNXZeZtG05bgfEusDqQGtQ==
